// !$*UTF8*$!
{
	archiveVersion = 1;
	classes = {
	};
	objectVersion = 50;
	objects = {

/* Begin PBXBuildFile section */
		AF0A007E24ED6D0D005836F7 /* AppDelegate.swift in Sources */ = {isa = PBXBuildFile; fileRef = AF0A007D24ED6D0D005836F7 /* AppDelegate.swift */; };
		AF0A008024ED6D0D005836F7 /* SceneDelegate.swift in Sources */ = {isa = PBXBuildFile; fileRef = AF0A007F24ED6D0D005836F7 /* SceneDelegate.swift */; };
		AF0A008224ED6D0D005836F7 /* ContentView.swift in Sources */ = {isa = PBXBuildFile; fileRef = AF0A008124ED6D0D005836F7 /* ContentView.swift */; };
		AF0A008424ED6D11005836F7 /* Assets.xcassets in Resources */ = {isa = PBXBuildFile; fileRef = AF0A008324ED6D11005836F7 /* Assets.xcassets */; };
		AF0A008724ED6D11005836F7 /* Preview Assets.xcassets in Resources */ = {isa = PBXBuildFile; fileRef = AF0A008624ED6D11005836F7 /* Preview Assets.xcassets */; };
		AF0A008A24ED6D11005836F7 /* LaunchScreen.storyboard in Resources */ = {isa = PBXBuildFile; fileRef = AF0A008824ED6D11005836F7 /* LaunchScreen.storyboard */; };
		AF0A009524ED6D11005836F7 /* SwiftUIStateTests.swift in Sources */ = {isa = PBXBuildFile; fileRef = AF0A009424ED6D11005836F7 /* SwiftUIStateTests.swift */; };
		AF0A00A024ED6D11005836F7 /* SwiftUIStateUITests.swift in Sources */ = {isa = PBXBuildFile; fileRef = AF0A009F24ED6D11005836F7 /* SwiftUIStateUITests.swift */; };
/* End PBXBuildFile section */

/* Begin PBXContainerItemProxy section */
		AF0A009124ED6D11005836F7 /* PBXContainerItemProxy */ = {
			isa = PBXContainerItemProxy;
			containerPortal = AF0A007224ED6D0D005836F7 /* Project object */;
			proxyType = 1;
			remoteGlobalIDString = AF0A007924ED6D0D005836F7;
			remoteInfo = SwiftUIState;
		};
		AF0A009C24ED6D11005836F7 /* PBXContainerItemProxy */ = {
			isa = PBXContainerItemProxy;
			containerPortal = AF0A007224ED6D0D005836F7 /* Project object */;
			proxyType = 1;
			remoteGlobalIDString = AF0A007924ED6D0D005836F7;
			remoteInfo = SwiftUIState;
		};
/* End PBXContainerItemProxy section */

/* Begin PBXFileReference section */
		AF0A007A24ED6D0D005836F7 /* SwiftUIState.app */ = {isa = PBXFileReference; explicitFileType = wrapper.application; includeInIndex = 0; path = SwiftUIState.app; sourceTree = BUILT_PRODUCTS_DIR; };
		AF0A007D24ED6D0D005836F7 /* AppDelegate.swift */ = {isa = PBXFileReference; lastKnownFileType = sourcecode.swift; path = AppDelegate.swift; sourceTree = "<group>"; };
		AF0A007F24ED6D0D005836F7 /* SceneDelegate.swift */ = {isa = PBXFileReference; lastKnownFileType = sourcecode.swift; path = SceneDelegate.swift; sourceTree = "<group>"; };
		AF0A008124ED6D0D005836F7 /* ContentView.swift */ = {isa = PBXFileReference; lastKnownFileType = sourcecode.swift; path = ContentView.swift; sourceTree = "<group>"; };
		AF0A008324ED6D11005836F7 /* Assets.xcassets */ = {isa = PBXFileReference; lastKnownFileType = folder.assetcatalog; path = Assets.xcassets; sourceTree = "<group>"; };
		AF0A008624ED6D11005836F7 /* Preview Assets.xcassets */ = {isa = PBXFileReference; lastKnownFileType = folder.assetcatalog; path = "Preview Assets.xcassets"; sourceTree = "<group>"; };
		AF0A008924ED6D11005836F7 /* Base */ = {isa = PBXFileReference; lastKnownFileType = file.storyboard; name = Base; path = Base.lproj/LaunchScreen.storyboard; sourceTree = "<group>"; };
		AF0A008B24ED6D11005836F7 /* Info.plist */ = {isa = PBXFileReference; lastKnownFileType = text.plist.xml; path = Info.plist; sourceTree = "<group>"; };
		AF0A009024ED6D11005836F7 /* SwiftUIStateTests.xctest */ = {isa = PBXFileReference; explicitFileType = wrapper.cfbundle; includeInIndex = 0; path = SwiftUIStateTests.xctest; sourceTree = BUILT_PRODUCTS_DIR; };
		AF0A009424ED6D11005836F7 /* SwiftUIStateTests.swift */ = {isa = PBXFileReference; lastKnownFileType = sourcecode.swift; path = SwiftUIStateTests.swift; sourceTree = "<group>"; };
		AF0A009624ED6D11005836F7 /* Info.plist */ = {isa = PBXFileReference; lastKnownFileType = text.plist.xml; path = Info.plist; sourceTree = "<group>"; };
		AF0A009B24ED6D11005836F7 /* SwiftUIStateUITests.xctest */ = {isa = PBXFileReference; explicitFileType = wrapper.cfbundle; includeInIndex = 0; path = SwiftUIStateUITests.xctest; sourceTree = BUILT_PRODUCTS_DIR; };
		AF0A009F24ED6D11005836F7 /* SwiftUIStateUITests.swift */ = {isa = PBXFileReference; lastKnownFileType = sourcecode.swift; path = SwiftUIStateUITests.swift; sourceTree = "<group>"; };
		AF0A00A124ED6D11005836F7 /* Info.plist */ = {isa = PBXFileReference; lastKnownFileType = text.plist.xml; path = Info.plist; sourceTree = "<group>"; };
/* End PBXFileReference section */

/* Begin PBXFrameworksBuildPhase section */
		AF0A007724ED6D0D005836F7 /* Frameworks */ = {
			isa = PBXFrameworksBuildPhase;
			buildActionMask = 2147483647;
			files = (
			);
			runOnlyForDeploymentPostprocessing = 0;
		};
		AF0A008D24ED6D11005836F7 /* Frameworks */ = {
			isa = PBXFrameworksBuildPhase;
			buildActionMask = 2147483647;
			files = (
			);
			runOnlyForDeploymentPostprocessing = 0;
		};
		AF0A009824ED6D11005836F7 /* Frameworks */ = {
			isa = PBXFrameworksBuildPhase;
			buildActionMask = 2147483647;
			files = (
			);
			runOnlyForDeploymentPostprocessing = 0;
		};
/* End PBXFrameworksBuildPhase section */

/* Begin PBXGroup section */
		AF0A007124ED6D0D005836F7 = {
			isa = PBXGroup;
			children = (
				AF0A007C24ED6D0D005836F7 /* SwiftUIState */,
				AF0A009324ED6D11005836F7 /* SwiftUIStateTests */,
				AF0A009E24ED6D11005836F7 /* SwiftUIStateUITests */,
				AF0A007B24ED6D0D005836F7 /* Products */,
			);
			sourceTree = "<group>";
		};
		AF0A007B24ED6D0D005836F7 /* Products */ = {
			isa = PBXGroup;
			children = (
				AF0A007A24ED6D0D005836F7 /* SwiftUIState.app */,
				AF0A009024ED6D11005836F7 /* SwiftUIStateTests.xctest */,
				AF0A009B24ED6D11005836F7 /* SwiftUIStateUITests.xctest */,
			);
			name = Products;
			sourceTree = "<group>";
		};
		AF0A007C24ED6D0D005836F7 /* SwiftUIState */ = {
			isa = PBXGroup;
			children = (
				AF0A007D24ED6D0D005836F7 /* AppDelegate.swift */,
				AF0A007F24ED6D0D005836F7 /* SceneDelegate.swift */,
				AF0A008124ED6D0D005836F7 /* ContentView.swift */,
				AF0A008324ED6D11005836F7 /* Assets.xcassets */,
				AF0A008824ED6D11005836F7 /* LaunchScreen.storyboard */,
				AF0A008B24ED6D11005836F7 /* Info.plist */,
				AF0A008524ED6D11005836F7 /* Preview Content */,
			);
			path = SwiftUIState;
			sourceTree = "<group>";
		};
		AF0A008524ED6D11005836F7 /* Preview Content */ = {
			isa = PBXGroup;
			children = (
				AF0A008624ED6D11005836F7 /* Preview Assets.xcassets */,
			);
			path = "Preview Content";
			sourceTree = "<group>";
		};
		AF0A009324ED6D11005836F7 /* SwiftUIStateTests */ = {
			isa = PBXGroup;
			children = (
				AF0A009424ED6D11005836F7 /* SwiftUIStateTests.swift */,
				AF0A009624ED6D11005836F7 /* Info.plist */,
			);
			path = SwiftUIStateTests;
			sourceTree = "<group>";
		};
		AF0A009E24ED6D11005836F7 /* SwiftUIStateUITests */ = {
			isa = PBXGroup;
			children = (
				AF0A009F24ED6D11005836F7 /* SwiftUIStateUITests.swift */,
				AF0A00A124ED6D11005836F7 /* Info.plist */,
			);
			path = SwiftUIStateUITests;
			sourceTree = "<group>";
		};
/* End PBXGroup section */

/* Begin PBXNativeTarget section */
		AF0A007924ED6D0D005836F7 /* SwiftUIState */ = {
			isa = PBXNativeTarget;
			buildConfigurationList = AF0A00A424ED6D11005836F7 /* Build configuration list for PBXNativeTarget "SwiftUIState" */;
			buildPhases = (
				AF0A007624ED6D0D005836F7 /* Sources */,
				AF0A007724ED6D0D005836F7 /* Frameworks */,
				AF0A007824ED6D0D005836F7 /* Resources */,
			);
			buildRules = (
			);
			dependencies = (
			);
			name = SwiftUIState;
			productName = SwiftUIState;
			productReference = AF0A007A24ED6D0D005836F7 /* SwiftUIState.app */;
			productType = "com.apple.product-type.application";
		};
		AF0A008F24ED6D11005836F7 /* SwiftUIStateTests */ = {
			isa = PBXNativeTarget;
			buildConfigurationList = AF0A00A724ED6D11005836F7 /* Build configuration list for PBXNativeTarget "SwiftUIStateTests" */;
			buildPhases = (
				AF0A008C24ED6D11005836F7 /* Sources */,
				AF0A008D24ED6D11005836F7 /* Frameworks */,
				AF0A008E24ED6D11005836F7 /* Resources */,
			);
			buildRules = (
			);
			dependencies = (
				AF0A009224ED6D11005836F7 /* PBXTargetDependency */,
			);
			name = SwiftUIStateTests;
			productName = SwiftUIStateTests;
			productReference = AF0A009024ED6D11005836F7 /* SwiftUIStateTests.xctest */;
			productType = "com.apple.product-type.bundle.unit-test";
		};
		AF0A009A24ED6D11005836F7 /* SwiftUIStateUITests */ = {
			isa = PBXNativeTarget;
			buildConfigurationList = AF0A00AA24ED6D11005836F7 /* Build configuration list for PBXNativeTarget "SwiftUIStateUITests" */;
			buildPhases = (
				AF0A009724ED6D11005836F7 /* Sources */,
				AF0A009824ED6D11005836F7 /* Frameworks */,
				AF0A009924ED6D11005836F7 /* Resources */,
			);
			buildRules = (
			);
			dependencies = (
				AF0A009D24ED6D11005836F7 /* PBXTargetDependency */,
			);
			name = SwiftUIStateUITests;
			productName = SwiftUIStateUITests;
			productReference = AF0A009B24ED6D11005836F7 /* SwiftUIStateUITests.xctest */;
			productType = "com.apple.product-type.bundle.ui-testing";
		};
/* End PBXNativeTarget section */

/* Begin PBXProject section */
		AF0A007224ED6D0D005836F7 /* Project object */ = {
			isa = PBXProject;
			attributes = {
				LastSwiftUpdateCheck = 1160;
				LastUpgradeCheck = 1160;
				ORGANIZATIONNAME = "Abdelrahman Mohamed";
				TargetAttributes = {
					AF0A007924ED6D0D005836F7 = {
						CreatedOnToolsVersion = 11.6;
					};
					AF0A008F24ED6D11005836F7 = {
						CreatedOnToolsVersion = 11.6;
						TestTargetID = AF0A007924ED6D0D005836F7;
					};
					AF0A009A24ED6D11005836F7 = {
						CreatedOnToolsVersion = 11.6;
						TestTargetID = AF0A007924ED6D0D005836F7;
					};
				};
			};
			buildConfigurationList = AF0A007524ED6D0D005836F7 /* Build configuration list for PBXProject "SwiftUIState" */;
			compatibilityVersion = "Xcode 9.3";
			developmentRegion = en;
			hasScannedForEncodings = 0;
			knownRegions = (
				en,
				Base,
			);
			mainGroup = AF0A007124ED6D0D005836F7;
			productRefGroup = AF0A007B24ED6D0D005836F7 /* Products */;
			projectDirPath = "";
			projectRoot = "";
			targets = (
				AF0A007924ED6D0D005836F7 /* SwiftUIState */,
				AF0A008F24ED6D11005836F7 /* SwiftUIStateTests */,
				AF0A009A24ED6D11005836F7 /* SwiftUIStateUITests */,
			);
		};
/* End PBXProject section */

/* Begin PBXResourcesBuildPhase section */
		AF0A007824ED6D0D005836F7 /* Resources */ = {
			isa = PBXResourcesBuildPhase;
			buildActionMask = 2147483647;
			files = (
				AF0A008A24ED6D11005836F7 /* LaunchScreen.storyboard in Resources */,
				AF0A008724ED6D11005836F7 /* Preview Assets.xcassets in Resources */,
				AF0A008424ED6D11005836F7 /* Assets.xcassets in Resources */,
			);
			runOnlyForDeploymentPostprocessing = 0;
		};
		AF0A008E24ED6D11005836F7 /* Resources */ = {
			isa = PBXResourcesBuildPhase;
			buildActionMask = 2147483647;
			files = (
			);
			runOnlyForDeploymentPostprocessing = 0;
		};
		AF0A009924ED6D11005836F7 /* Resources */ = {
			isa = PBXResourcesBuildPhase;
			buildActionMask = 2147483647;
			files = (
			);
			runOnlyForDeploymentPostprocessing = 0;
		};
/* End PBXResourcesBuildPhase section */

/* Begin PBXSourcesBuildPhase section */
		AF0A007624ED6D0D005836F7 /* Sources */ = {
			isa = PBXSourcesBuildPhase;
			buildActionMask = 2147483647;
			files = (
				AF0A007E24ED6D0D005836F7 /* AppDelegate.swift in Sources */,
				AF0A008024ED6D0D005836F7 /* SceneDelegate.swift in Sources */,
				AF0A008224ED6D0D005836F7 /* ContentView.swift in Sources */,
			);
			runOnlyForDeploymentPostprocessing = 0;
		};
		AF0A008C24ED6D11005836F7 /* Sources */ = {
			isa = PBXSourcesBuildPhase;
			buildActionMask = 2147483647;
			files = (
				AF0A009524ED6D11005836F7 /* SwiftUIStateTests.swift in Sources */,
			);
			runOnlyForDeploymentPostprocessing = 0;
		};
		AF0A009724ED6D11005836F7 /* Sources */ = {
			isa = PBXSourcesBuildPhase;
			buildActionMask = 2147483647;
			files = (
				AF0A00A024ED6D11005836F7 /* SwiftUIStateUITests.swift in Sources */,
			);
			runOnlyForDeploymentPostprocessing = 0;
		};
/* End PBXSourcesBuildPhase section */

/* Begin PBXTargetDependency section */
		AF0A009224ED6D11005836F7 /* PBXTargetDependency */ = {
			isa = PBXTargetDependency;
			target = AF0A007924ED6D0D005836F7 /* SwiftUIState */;
			targetProxy = AF0A009124ED6D11005836F7 /* PBXContainerItemProxy */;
		};
		AF0A009D24ED6D11005836F7 /* PBXTargetDependency */ = {
			isa = PBXTargetDependency;
			target = AF0A007924ED6D0D005836F7 /* SwiftUIState */;
			targetProxy = AF0A009C24ED6D11005836F7 /* PBXContainerItemProxy */;
		};
/* End PBXTargetDependency section */

/* Begin PBXVariantGroup section */
		AF0A008824ED6D11005836F7 /* LaunchScreen.storyboard */ = {
			isa = PBXVariantGroup;
			children = (
				AF0A008924ED6D11005836F7 /* Base */,
			);
			name = LaunchScreen.storyboard;
			sourceTree = "<group>";
		};
/* End PBXVariantGroup section */

/* Begin XCBuildConfiguration section */
		AF0A00A224ED6D11005836F7 /* Debug */ = {
			isa = XCBuildConfiguration;
			buildSettings = {
				ALWAYS_SEARCH_USER_PATHS = NO;
				CLANG_ANALYZER_NONNULL = YES;
				CLANG_ANALYZER_NUMBER_OBJECT_CONVERSION = YES_AGGRESSIVE;
				CLANG_CXX_LANGUAGE_STANDARD = "gnu++14";
				CLANG_CXX_LIBRARY = "libc++";
				CLANG_ENABLE_MODULES = YES;
				CLANG_ENABLE_OBJC_ARC = YES;
				CLANG_ENABLE_OBJC_WEAK = YES;
				CLANG_WARN_BLOCK_CAPTURE_AUTORELEASING = YES;
				CLANG_WARN_BOOL_CONVERSION = YES;
				CLANG_WARN_COMMA = YES;
				CLANG_WARN_CONSTANT_CONVERSION = YES;
				CLANG_WARN_DEPRECATED_OBJC_IMPLEMENTATIONS = YES;
				CLANG_WARN_DIRECT_OBJC_ISA_USAGE = YES_ERROR;
				CLANG_WARN_DOCUMENTATION_COMMENTS = YES;
				CLANG_WARN_EMPTY_BODY = YES;
				CLANG_WARN_ENUM_CONVERSION = YES;
				CLANG_WARN_INFINITE_RECURSION = YES;
				CLANG_WARN_INT_CONVERSION = YES;
				CLANG_WARN_NON_LITERAL_NULL_CONVERSION = YES;
				CLANG_WARN_OBJC_IMPLICIT_RETAIN_SELF = YES;
				CLANG_WARN_OBJC_LITERAL_CONVERSION = YES;
				CLANG_WARN_OBJC_ROOT_CLASS = YES_ERROR;
				CLANG_WARN_RANGE_LOOP_ANALYSIS = YES;
				CLANG_WARN_STRICT_PROTOTYPES = YES;
				CLANG_WARN_SUSPICIOUS_MOVE = YES;
				CLANG_WARN_UNGUARDED_AVAILABILITY = YES_AGGRESSIVE;
				CLANG_WARN_UNREACHABLE_CODE = YES;
				CLANG_WARN__DUPLICATE_METHOD_MATCH = YES;
				COPY_PHASE_STRIP = NO;
				DEBUG_INFORMATION_FORMAT = dwarf;
				ENABLE_STRICT_OBJC_MSGSEND = YES;
				ENABLE_TESTABILITY = YES;
				GCC_C_LANGUAGE_STANDARD = gnu11;
				GCC_DYNAMIC_NO_PIC = NO;
				GCC_NO_COMMON_BLOCKS = YES;
				GCC_OPTIMIZATION_LEVEL = 0;
				GCC_PREPROCESSOR_DEFINITIONS = (
					"DEBUG=1",
					"$(inherited)",
				);
				GCC_WARN_64_TO_32_BIT_CONVERSION = YES;
				GCC_WARN_ABOUT_RETURN_TYPE = YES_ERROR;
				GCC_WARN_UNDECLARED_SELECTOR = YES;
				GCC_WARN_UNINITIALIZED_AUTOS = YES_AGGRESSIVE;
				GCC_WARN_UNUSED_FUNCTION = YES;
				GCC_WARN_UNUSED_VARIABLE = YES;
				IPHONEOS_DEPLOYMENT_TARGET = 13.6;
				MTL_ENABLE_DEBUG_INFO = INCLUDE_SOURCE;
				MTL_FAST_MATH = YES;
				ONLY_ACTIVE_ARCH = YES;
				SDKROOT = iphoneos;
				SWIFT_ACTIVE_COMPILATION_CONDITIONS = DEBUG;
				SWIFT_OPTIMIZATION_LEVEL = "-Onone";
			};
			name = Debug;
		};
		AF0A00A324ED6D11005836F7 /* Release */ = {
			isa = XCBuildConfiguration;
			buildSettings = {
				ALWAYS_SEARCH_USER_PATHS = NO;
				CLANG_ANALYZER_NONNULL = YES;
				CLANG_ANALYZER_NUMBER_OBJECT_CONVERSION = YES_AGGRESSIVE;
				CLANG_CXX_LANGUAGE_STANDARD = "gnu++14";
				CLANG_CXX_LIBRARY = "libc++";
				CLANG_ENABLE_MODULES = YES;
				CLANG_ENABLE_OBJC_ARC = YES;
				CLANG_ENABLE_OBJC_WEAK = YES;
				CLANG_WARN_BLOCK_CAPTURE_AUTORELEASING = YES;
				CLANG_WARN_BOOL_CONVERSION = YES;
				CLANG_WARN_COMMA = YES;
				CLANG_WARN_CONSTANT_CONVERSION = YES;
				CLANG_WARN_DEPRECATED_OBJC_IMPLEMENTATIONS = YES;
				CLANG_WARN_DIRECT_OBJC_ISA_USAGE = YES_ERROR;
				CLANG_WARN_DOCUMENTATION_COMMENTS = YES;
				CLANG_WARN_EMPTY_BODY = YES;
				CLANG_WARN_ENUM_CONVERSION = YES;
				CLANG_WARN_INFINITE_RECURSION = YES;
				CLANG_WARN_INT_CONVERSION = YES;
				CLANG_WARN_NON_LITERAL_NULL_CONVERSION = YES;
				CLANG_WARN_OBJC_IMPLICIT_RETAIN_SELF = YES;
				CLANG_WARN_OBJC_LITERAL_CONVERSION = YES;
				CLANG_WARN_OBJC_ROOT_CLASS = YES_ERROR;
				CLANG_WARN_RANGE_LOOP_ANALYSIS = YES;
				CLANG_WARN_STRICT_PROTOTYPES = YES;
				CLANG_WARN_SUSPICIOUS_MOVE = YES;
				CLANG_WARN_UNGUARDED_AVAILABILITY = YES_AGGRESSIVE;
				CLANG_WARN_UNREACHABLE_CODE = YES;
				CLANG_WARN__DUPLICATE_METHOD_MATCH = YES;
				COPY_PHASE_STRIP = NO;
				DEBUG_INFORMATION_FORMAT = "dwarf-with-dsym";
				ENABLE_NS_ASSERTIONS = NO;
				ENABLE_STRICT_OBJC_MSGSEND = YES;
				GCC_C_LANGUAGE_STANDARD = gnu11;
				GCC_NO_COMMON_BLOCKS = YES;
				GCC_WARN_64_TO_32_BIT_CONVERSION = YES;
				GCC_WARN_ABOUT_RETURN_TYPE = YES_ERROR;
				GCC_WARN_UNDECLARED_SELECTOR = YES;
				GCC_WARN_UNINITIALIZED_AUTOS = YES_AGGRESSIVE;
				GCC_WARN_UNUSED_FUNCTION = YES;
				GCC_WARN_UNUSED_VARIABLE = YES;
				IPHONEOS_DEPLOYMENT_TARGET = 13.6;
				MTL_ENABLE_DEBUG_INFO = NO;
				MTL_FAST_MATH = YES;
				SDKROOT = iphoneos;
				SWIFT_COMPILATION_MODE = wholemodule;
				SWIFT_OPTIMIZATION_LEVEL = "-O";
				VALIDATE_PRODUCT = YES;
			};
			name = Release;
		};
		AF0A00A524ED6D11005836F7 /* Debug */ = {
			isa = XCBuildConfiguration;
			buildSettings = {
				ASSETCATALOG_COMPILER_APPICON_NAME = AppIcon;
				CODE_SIGN_STYLE = Automatic;
				DEVELOPMENT_ASSET_PATHS = "\"SwiftUIState/Preview Content\"";
				DEVELOPMENT_TEAM = PTDDPSLG9G;
				ENABLE_PREVIEWS = YES;
				INFOPLIST_FILE = SwiftUIState/Info.plist;
				LD_RUNPATH_SEARCH_PATHS = (
					"$(inherited)",
					"@executable_path/Frameworks",
				);
				PRODUCT_BUNDLE_IDENTIFIER = com.vngrs.SwiftUIState;
				PRODUCT_NAME = "$(TARGET_NAME)";
				SWIFT_VERSION = 5.0;
				TARGETED_DEVICE_FAMILY = "1,2";
			};
			name = Debug;
		};
		AF0A00A624ED6D11005836F7 /* Release */ = {
			isa = XCBuildConfiguration;
			buildSettings = {
				ASSETCATALOG_COMPILER_APPICON_NAME = AppIcon;
				CODE_SIGN_STYLE = Automatic;
				DEVELOPMENT_ASSET_PATHS = "\"SwiftUIState/Preview Content\"";
				DEVELOPMENT_TEAM = PTDDPSLG9G;
				ENABLE_PREVIEWS = YES;
				INFOPLIST_FILE = SwiftUIState/Info.plist;
				LD_RUNPATH_SEARCH_PATHS = (
					"$(inherited)",
					"@executable_path/Frameworks",
				);
				PRODUCT_BUNDLE_IDENTIFIER = com.vngrs.SwiftUIState;
				PRODUCT_NAME = "$(TARGET_NAME)";
				SWIFT_VERSION = 5.0;
				TARGETED_DEVICE_FAMILY = "1,2";
			};
			name = Release;
		};
		AF0A00A824ED6D11005836F7 /* Debug */ = {
			isa = XCBuildConfiguration;
			buildSettings = {
				ALWAYS_EMBED_SWIFT_STANDARD_LIBRARIES = YES;
				BUNDLE_LOADER = "$(TEST_HOST)";
				CODE_SIGN_STYLE = Automatic;
				DEVELOPMENT_TEAM = PTDDPSLG9G;
				INFOPLIST_FILE = SwiftUIStateTests/Info.plist;
				IPHONEOS_DEPLOYMENT_TARGET = 13.6;
				LD_RUNPATH_SEARCH_PATHS = (
					"$(inherited)",
					"@executable_path/Frameworks",
					"@loader_path/Frameworks",
				);
				PRODUCT_BUNDLE_IDENTIFIER = com.vngrs.SwiftUIStateTests;
				PRODUCT_NAME = "$(TARGET_NAME)";
				SWIFT_VERSION = 5.0;
				TARGETED_DEVICE_FAMILY = "1,2";
				TEST_HOST = "$(BUILT_PRODUCTS_DIR)/SwiftUIState.app/SwiftUIState";
			};
			name = Debug;
		};
		AF0A00A924ED6D11005836F7 /* Release */ = {
			isa = XCBuildConfiguration;
			buildSettings = {
				ALWAYS_EMBED_SWIFT_STANDARD_LIBRARIES = YES;
				BUNDLE_LOADER = "$(TEST_HOST)";
				CODE_SIGN_STYLE = Automatic;
				DEVELOPMENT_TEAM = PTDDPSLG9G;
				INFOPLIST_FILE = SwiftUIStateTests/Info.plist;
				IPHONEOS_DEPLOYMENT_TARGET = 13.6;
				LD_RUNPATH_SEARCH_PATHS = (
					"$(inherited)",
					"@executable_path/Frameworks",
					"@loader_path/Frameworks",
				);
				PRODUCT_BUNDLE_IDENTIFIER = com.vngrs.SwiftUIStateTests;
				PRODUCT_NAME = "$(TARGET_NAME)";
				SWIFT_VERSION = 5.0;
				TARGETED_DEVICE_FAMILY = "1,2";
				TEST_HOST = "$(BUILT_PRODUCTS_DIR)/SwiftUIState.app/SwiftUIState";
			};
			name = Release;
		};
		AF0A00AB24ED6D11005836F7 /* Debug */ = {
			isa = XCBuildConfiguration;
			buildSettings = {
				ALWAYS_EMBED_SWIFT_STANDARD_LIBRARIES = YES;
				CODE_SIGN_STYLE = Automatic;
				DEVELOPMENT_TEAM = PTDDPSLG9G;
				INFOPLIST_FILE = SwiftUIStateUITests/Info.plist;
				LD_RUNPATH_SEARCH_PATHS = (
					"$(inherited)",
					"@executable_path/Frameworks",
					"@loader_path/Frameworks",
				);
				PRODUCT_BUNDLE_IDENTIFIER = com.vngrs.SwiftUIStateUITests;
				PRODUCT_NAME = "$(TARGET_NAME)";
				SWIFT_VERSION = 5.0;
				TARGETED_DEVICE_FAMILY = "1,2";
				TEST_TARGET_NAME = SwiftUIState;
			};
			name = Debug;
		};
		AF0A00AC24ED6D11005836F7 /* Release */ = {
			isa = XCBuildConfiguration;
			buildSettings = {
				ALWAYS_EMBED_SWIFT_STANDARD_LIBRARIES = YES;
				CODE_SIGN_STYLE = Automatic;
				DEVELOPMENT_TEAM = PTDDPSLG9G;
				INFOPLIST_FILE = SwiftUIStateUITests/Info.plist;
				LD_RUNPATH_SEARCH_PATHS = (
					"$(inherited)",
					"@executable_path/Frameworks",
					"@loader_path/Frameworks",
				);
				PRODUCT_BUNDLE_IDENTIFIER = com.vngrs.SwiftUIStateUITests;
				PRODUCT_NAME = "$(TARGET_NAME)";
				SWIFT_VERSION = 5.0;
				TARGETED_DEVICE_FAMILY = "1,2";
				TEST_TARGET_NAME = SwiftUIState;
			};
			name = Release;
		};
/* End XCBuildConfiguration section */

/* Begin XCConfigurationList section */
		AF0A007524ED6D0D005836F7 /* Build configuration list for PBXProject "SwiftUIState" */ = {
			isa = XCConfigurationList;
			buildConfigurations = (
				AF0A00A224ED6D11005836F7 /* Debug */,
				AF0A00A324ED6D11005836F7 /* Release */,
			);
			defaultConfigurationIsVisible = 0;
			defaultConfigurationName = Release;
		};
		AF0A00A424ED6D11005836F7 /* Build configuration list for PBXNativeTarget "SwiftUIState" */ = {
			isa = XCConfigurationList;
			buildConfigurations = (
				AF0A00A524ED6D11005836F7 /* Debug */,
				AF0A00A624ED6D11005836F7 /* Release */,
			);
			defaultConfigurationIsVisible = 0;
			defaultConfigurationName = Release;
		};
		AF0A00A724ED6D11005836F7 /* Build configuration list for PBXNativeTarget "SwiftUIStateTests" */ = {
			isa = XCConfigurationList;
			buildConfigurations = (
				AF0A00A824ED6D11005836F7 /* Debug */,
				AF0A00A924ED6D11005836F7 /* Release */,
			);
			defaultConfigurationIsVisible = 0;
			defaultConfigurationName = Release;
		};
		AF0A00AA24ED6D11005836F7 /* Build configuration list for PBXNativeTarget "SwiftUIStateUITests" */ = {
			isa = XCConfigurationList;
			buildConfigurations = (
				AF0A00AB24ED6D11005836F7 /* Debug */,
				AF0A00AC24ED6D11005836F7 /* Release */,
			);
			defaultConfigurationIsVisible = 0;
			defaultConfigurationName = Release;
		};
/* End XCConfigurationList section */
	};
	rootObject = AF0A007224ED6D0D005836F7 /* Project object */;
}
